// !$*UTF8*$!
{
	archiveVersion = 1;
	classes = {
	};
	objectVersion = 55;
	objects = {

/* Begin PBXBuildFile section */
		5510B1EB282BD29F0016A409 /* PieLegendView.swift in Sources */ = {isa = PBXBuildFile; fileRef = 5510B1EA282BD29F0016A409 /* PieLegendView.swift */; };
		55168AA727E704E5009AEF53 /* SettingsView.swift in Sources */ = {isa = PBXBuildFile; fileRef = 55168AA627E704E5009AEF53 /* SettingsView.swift */; };
		55168AA927E715D9009AEF53 /* OBWelcomeView.swift in Sources */ = {isa = PBXBuildFile; fileRef = 55168AA827E715D9009AEF53 /* OBWelcomeView.swift */; };
		55168AAC27E72F0C009AEF53 /* OBSleepView.swift in Sources */ = {isa = PBXBuildFile; fileRef = 55168AAB27E72F0C009AEF53 /* OBSleepView.swift */; };
		55168AAE27E73A30009AEF53 /* OBFinalView.swift in Sources */ = {isa = PBXBuildFile; fileRef = 55168AAD27E73A30009AEF53 /* OBFinalView.swift */; };
		5563D76B27E6F69100AA8A0F /* FreeTimeApp.swift in Sources */ = {isa = PBXBuildFile; fileRef = 5563D76A27E6F69100AA8A0F /* FreeTimeApp.swift */; };
		5563D76D27E6F69100AA8A0F /* HomeView.swift in Sources */ = {isa = PBXBuildFile; fileRef = 5563D76C27E6F69100AA8A0F /* HomeView.swift */; };
		5563D76F27E6F69200AA8A0F /* Assets.xcassets in Resources */ = {isa = PBXBuildFile; fileRef = 5563D76E27E6F69200AA8A0F /* Assets.xcassets */; };
		5563D77227E6F69200AA8A0F /* Preview Assets.xcassets in Resources */ = {isa = PBXBuildFile; fileRef = 5563D77127E6F69200AA8A0F /* Preview Assets.xcassets */; };
		5563D77927E701D500AA8A0F /* MainView.swift in Sources */ = {isa = PBXBuildFile; fileRef = 5563D77827E701D500AA8A0F /* MainView.swift */; };
		5575CCCA28279F1A005B2550 /* PieSliceData.swift in Sources */ = {isa = PBXBuildFile; fileRef = 5575CCC928279F1A005B2550 /* PieSliceData.swift */; };
		5575CCCC28279F97005B2550 /* PieChartView.swift in Sources */ = {isa = PBXBuildFile; fileRef = 5575CCCB28279F97005B2550 /* PieChartView.swift */; };
		5577C3F327FBE160006DB757 /* PieSliceView.swift in Sources */ = {isa = PBXBuildFile; fileRef = 5577C3F227FBE160006DB757 /* PieSliceView.swift */; };
		558642E3282D426D00F083AD /* FreeTime.swift in Sources */ = {isa = PBXBuildFile; fileRef = 558642E2282D426D00F083AD /* FreeTime.swift */; };
		55DCBC3B27EDDF8200A45E0D /* OBWorkView.swift in Sources */ = {isa = PBXBuildFile; fileRef = 55DCBC3A27EDDF8200A45E0D /* OBWorkView.swift */; };
		55DCBC3D27EDE00A00A45E0D /* OBChoresView.swift in Sources */ = {isa = PBXBuildFile; fileRef = 55DCBC3C27EDE00A00A45E0D /* OBChoresView.swift */; };
/* End PBXBuildFile section */

/* Begin PBXFileReference section */
		5510B1EA282BD29F0016A409 /* PieLegendView.swift */ = {isa = PBXFileReference; lastKnownFileType = sourcecode.swift; path = PieLegendView.swift; sourceTree = "<group>"; };
		55168AA627E704E5009AEF53 /* SettingsView.swift */ = {isa = PBXFileReference; lastKnownFileType = sourcecode.swift; path = SettingsView.swift; sourceTree = "<group>"; };
		55168AA827E715D9009AEF53 /* OBWelcomeView.swift */ = {isa = PBXFileReference; lastKnownFileType = sourcecode.swift; path = OBWelcomeView.swift; sourceTree = "<group>"; };
		55168AAB27E72F0C009AEF53 /* OBSleepView.swift */ = {isa = PBXFileReference; lastKnownFileType = sourcecode.swift; path = OBSleepView.swift; sourceTree = "<group>"; };
		55168AAD27E73A30009AEF53 /* OBFinalView.swift */ = {isa = PBXFileReference; lastKnownFileType = sourcecode.swift; path = OBFinalView.swift; sourceTree = "<group>"; };
		5563D76727E6F69100AA8A0F /* FreeTime.app */ = {isa = PBXFileReference; explicitFileType = wrapper.application; includeInIndex = 0; path = FreeTime.app; sourceTree = BUILT_PRODUCTS_DIR; };
		5563D76A27E6F69100AA8A0F /* FreeTimeApp.swift */ = {isa = PBXFileReference; lastKnownFileType = sourcecode.swift; path = FreeTimeApp.swift; sourceTree = "<group>"; };
		5563D76C27E6F69100AA8A0F /* HomeView.swift */ = {isa = PBXFileReference; lastKnownFileType = sourcecode.swift; path = HomeView.swift; sourceTree = "<group>"; };
		5563D76E27E6F69200AA8A0F /* Assets.xcassets */ = {isa = PBXFileReference; lastKnownFileType = folder.assetcatalog; path = Assets.xcassets; sourceTree = "<group>"; };
		5563D77127E6F69200AA8A0F /* Preview Assets.xcassets */ = {isa = PBXFileReference; lastKnownFileType = folder.assetcatalog; path = "Preview Assets.xcassets"; sourceTree = "<group>"; };
		5563D77827E701D500AA8A0F /* MainView.swift */ = {isa = PBXFileReference; lastKnownFileType = sourcecode.swift; path = MainView.swift; sourceTree = "<group>"; };
		5575CCC928279F1A005B2550 /* PieSliceData.swift */ = {isa = PBXFileReference; lastKnownFileType = sourcecode.swift; path = PieSliceData.swift; sourceTree = "<group>"; };
		5575CCCB28279F97005B2550 /* PieChartView.swift */ = {isa = PBXFileReference; lastKnownFileType = sourcecode.swift; path = PieChartView.swift; sourceTree = "<group>"; };
		5577C3F227FBE160006DB757 /* PieSliceView.swift */ = {isa = PBXFileReference; lastKnownFileType = sourcecode.swift; path = PieSliceView.swift; sourceTree = "<group>"; };
		558642E2282D426D00F083AD /* FreeTime.swift */ = {isa = PBXFileReference; fileEncoding = 4; lastKnownFileType = sourcecode.swift; path = FreeTime.swift; sourceTree = "<group>"; };
		55DCBC3A27EDDF8200A45E0D /* OBWorkView.swift */ = {isa = PBXFileReference; lastKnownFileType = sourcecode.swift; path = OBWorkView.swift; sourceTree = "<group>"; };
		55DCBC3C27EDE00A00A45E0D /* OBChoresView.swift */ = {isa = PBXFileReference; lastKnownFileType = sourcecode.swift; path = OBChoresView.swift; sourceTree = "<group>"; };
/* End PBXFileReference section */

/* Begin PBXFrameworksBuildPhase section */
		5563D76427E6F69100AA8A0F /* Frameworks */ = {
			isa = PBXFrameworksBuildPhase;
			buildActionMask = 2147483647;
			files = (
			);
			runOnlyForDeploymentPostprocessing = 0;
		};
/* End PBXFrameworksBuildPhase section */

/* Begin PBXGroup section */
		55168AAA27E72DC9009AEF53 /* Onboarding */ = {
			isa = PBXGroup;
			children = (
				55168AA827E715D9009AEF53 /* OBWelcomeView.swift */,
				55168AAB27E72F0C009AEF53 /* OBSleepView.swift */,
				55DCBC3A27EDDF8200A45E0D /* OBWorkView.swift */,
				55DCBC3C27EDE00A00A45E0D /* OBChoresView.swift */,
				55168AAD27E73A30009AEF53 /* OBFinalView.swift */,
			);
			path = Onboarding;
			sourceTree = "<group>";
		};
		5563D75E27E6F69100AA8A0F = {
			isa = PBXGroup;
			children = (
				5563D76927E6F69100AA8A0F /* FreeTime */,
				5563D76827E6F69100AA8A0F /* Products */,
			);
			sourceTree = "<group>";
		};
		5563D76827E6F69100AA8A0F /* Products */ = {
			isa = PBXGroup;
			children = (
				5563D76727E6F69100AA8A0F /* FreeTime.app */,
			);
			name = Products;
			sourceTree = "<group>";
		};
		5563D76927E6F69100AA8A0F /* FreeTime */ = {
			isa = PBXGroup;
			children = (
				558642E2282D426D00F083AD /* FreeTime.swift */,
				5563D76A27E6F69100AA8A0F /* FreeTimeApp.swift */,
				5563D77827E701D500AA8A0F /* MainView.swift */,
				5563D76C27E6F69100AA8A0F /* HomeView.swift */,
				55168AA627E704E5009AEF53 /* SettingsView.swift */,
				5575CCC828279EDA005B2550 /* PieChart */,
				55168AAA27E72DC9009AEF53 /* Onboarding */,
				5563D76E27E6F69200AA8A0F /* Assets.xcassets */,
				5563D77027E6F69200AA8A0F /* Preview Content */,
			);
			path = FreeTime;
			sourceTree = "<group>";
		};
		5563D77027E6F69200AA8A0F /* Preview Content */ = {
			isa = PBXGroup;
			children = (
				5563D77127E6F69200AA8A0F /* Preview Assets.xcassets */,
			);
			path = "Preview Content";
			sourceTree = "<group>";
		};
		5575CCC828279EDA005B2550 /* PieChart */ = {
			isa = PBXGroup;
			children = (
				5577C3F227FBE160006DB757 /* PieSliceView.swift */,
				5575CCCB28279F97005B2550 /* PieChartView.swift */,
				5510B1EA282BD29F0016A409 /* PieLegendView.swift */,
				5575CCC928279F1A005B2550 /* PieSliceData.swift */,
			);
			path = PieChart;
			sourceTree = "<group>";
		};
/* End PBXGroup section */

/* Begin PBXNativeTarget section */
		5563D76627E6F69100AA8A0F /* FreeTime */ = {
			isa = PBXNativeTarget;
			buildConfigurationList = 5563D77527E6F69200AA8A0F /* Build configuration list for PBXNativeTarget "FreeTime" */;
			buildPhases = (
				5563D76327E6F69100AA8A0F /* Sources */,
				5563D76427E6F69100AA8A0F /* Frameworks */,
				5563D76527E6F69100AA8A0F /* Resources */,
			);
			buildRules = (
			);
			dependencies = (
			);
			name = FreeTime;
			packageProductDependencies = (
			);
			productName = FreeTime;
			productReference = 5563D76727E6F69100AA8A0F /* FreeTime.app */;
			productType = "com.apple.product-type.application";
		};
/* End PBXNativeTarget section */

/* Begin PBXProject section */
		5563D75F27E6F69100AA8A0F /* Project object */ = {
			isa = PBXProject;
			attributes = {
				BuildIndependentTargetsInParallel = 1;
				LastSwiftUpdateCheck = 1320;
				LastUpgradeCheck = 1320;
				TargetAttributes = {
					5563D76627E6F69100AA8A0F = {
						CreatedOnToolsVersion = 13.2.1;
					};
				};
			};
			buildConfigurationList = 5563D76227E6F69100AA8A0F /* Build configuration list for PBXProject "FreeTime" */;
			compatibilityVersion = "Xcode 13.0";
			developmentRegion = en;
			hasScannedForEncodings = 0;
			knownRegions = (
				en,
				Base,
			);
			mainGroup = 5563D75E27E6F69100AA8A0F;
			packageReferences = (
			);
			productRefGroup = 5563D76827E6F69100AA8A0F /* Products */;
			projectDirPath = "";
			projectRoot = "";
			targets = (
				5563D76627E6F69100AA8A0F /* FreeTime */,
			);
		};
/* End PBXProject section */

/* Begin PBXResourcesBuildPhase section */
		5563D76527E6F69100AA8A0F /* Resources */ = {
			isa = PBXResourcesBuildPhase;
			buildActionMask = 2147483647;
			files = (
				5563D77227E6F69200AA8A0F /* Preview Assets.xcassets in Resources */,
				5563D76F27E6F69200AA8A0F /* Assets.xcassets in Resources */,
			);
			runOnlyForDeploymentPostprocessing = 0;
		};
/* End PBXResourcesBuildPhase section */

/* Begin PBXSourcesBuildPhase section */
		5563D76327E6F69100AA8A0F /* Sources */ = {
			isa = PBXSourcesBuildPhase;
			buildActionMask = 2147483647;
			files = (
				5563D76D27E6F69100AA8A0F /* HomeView.swift in Sources */,
				55168AA727E704E5009AEF53 /* SettingsView.swift in Sources */,
				558642E3282D426D00F083AD /* FreeTime.swift in Sources */,
				5510B1EB282BD29F0016A409 /* PieLegendView.swift in Sources */,
				5575CCCC28279F97005B2550 /* PieChartView.swift in Sources */,
				55DCBC3B27EDDF8200A45E0D /* OBWorkView.swift in Sources */,
				5563D77927E701D500AA8A0F /* MainView.swift in Sources */,
				5577C3F327FBE160006DB757 /* PieSliceView.swift in Sources */,
				55168AA927E715D9009AEF53 /* OBWelcomeView.swift in Sources */,
				5563D76B27E6F69100AA8A0F /* FreeTimeApp.swift in Sources */,
				5575CCCA28279F1A005B2550 /* PieSliceData.swift in Sources */,
				55168AAC27E72F0C009AEF53 /* OBSleepView.swift in Sources */,
				55DCBC3D27EDE00A00A45E0D /* OBChoresView.swift in Sources */,
				55168AAE27E73A30009AEF53 /* OBFinalView.swift in Sources */,
			);
			runOnlyForDeploymentPostprocessing = 0;
		};
/* End PBXSourcesBuildPhase section */

/* Begin XCBuildConfiguration section */
		5563D77327E6F69200AA8A0F /* Debug */ = {
			isa = XCBuildConfiguration;
			buildSettings = {
				ALWAYS_SEARCH_USER_PATHS = NO;
				CLANG_ANALYZER_NONNULL = YES;
				CLANG_ANALYZER_NUMBER_OBJECT_CONVERSION = YES_AGGRESSIVE;
				CLANG_CXX_LANGUAGE_STANDARD = "gnu++17";
				CLANG_CXX_LIBRARY = "libc++";
				CLANG_ENABLE_MODULES = YES;
				CLANG_ENABLE_OBJC_ARC = YES;
				CLANG_ENABLE_OBJC_WEAK = YES;
				CLANG_WARN_BLOCK_CAPTURE_AUTORELEASING = YES;
				CLANG_WARN_BOOL_CONVERSION = YES;
				CLANG_WARN_COMMA = YES;
				CLANG_WARN_CONSTANT_CONVERSION = YES;
				CLANG_WARN_DEPRECATED_OBJC_IMPLEMENTATIONS = YES;
				CLANG_WARN_DIRECT_OBJC_ISA_USAGE = YES_ERROR;
				CLANG_WARN_DOCUMENTATION_COMMENTS = YES;
				CLANG_WARN_EMPTY_BODY = YES;
				CLANG_WARN_ENUM_CONVERSION = YES;
				CLANG_WARN_INFINITE_RECURSION = YES;
				CLANG_WARN_INT_CONVERSION = YES;
				CLANG_WARN_NON_LITERAL_NULL_CONVERSION = YES;
				CLANG_WARN_OBJC_IMPLICIT_RETAIN_SELF = YES;
				CLANG_WARN_OBJC_LITERAL_CONVERSION = YES;
				CLANG_WARN_OBJC_ROOT_CLASS = YES_ERROR;
				CLANG_WARN_QUOTED_INCLUDE_IN_FRAMEWORK_HEADER = YES;
				CLANG_WARN_RANGE_LOOP_ANALYSIS = YES;
				CLANG_WARN_STRICT_PROTOTYPES = YES;
				CLANG_WARN_SUSPICIOUS_MOVE = YES;
				CLANG_WARN_UNGUARDED_AVAILABILITY = YES_AGGRESSIVE;
				CLANG_WARN_UNREACHABLE_CODE = YES;
				CLANG_WARN__DUPLICATE_METHOD_MATCH = YES;
				COPY_PHASE_STRIP = NO;
				DEBUG_INFORMATION_FORMAT = dwarf;
				ENABLE_STRICT_OBJC_MSGSEND = YES;
				ENABLE_TESTABILITY = YES;
				GCC_C_LANGUAGE_STANDARD = gnu11;
				GCC_DYNAMIC_NO_PIC = NO;
				GCC_NO_COMMON_BLOCKS = YES;
				GCC_OPTIMIZATION_LEVEL = 0;
				GCC_PREPROCESSOR_DEFINITIONS = (
					"DEBUG=1",
					"$(inherited)",
				);
				GCC_WARN_64_TO_32_BIT_CONVERSION = YES;
				GCC_WARN_ABOUT_RETURN_TYPE = YES_ERROR;
				GCC_WARN_UNDECLARED_SELECTOR = YES;
				GCC_WARN_UNINITIALIZED_AUTOS = YES_AGGRESSIVE;
				GCC_WARN_UNUSED_FUNCTION = YES;
				GCC_WARN_UNUSED_VARIABLE = YES;
				IPHONEOS_DEPLOYMENT_TARGET = 14.3;
				MTL_ENABLE_DEBUG_INFO = INCLUDE_SOURCE;
				MTL_FAST_MATH = YES;
				ONLY_ACTIVE_ARCH = YES;
				SDKROOT = iphoneos;
				SWIFT_ACTIVE_COMPILATION_CONDITIONS = DEBUG;
				SWIFT_OPTIMIZATION_LEVEL = "-Onone";
			};
			name = Debug;
		};
		5563D77427E6F69200AA8A0F /* Release */ = {
			isa = XCBuildConfiguration;
			buildSettings = {
				ALWAYS_SEARCH_USER_PATHS = NO;
				CLANG_ANALYZER_NONNULL = YES;
				CLANG_ANALYZER_NUMBER_OBJECT_CONVERSION = YES_AGGRESSIVE;
				CLANG_CXX_LANGUAGE_STANDARD = "gnu++17";
				CLANG_CXX_LIBRARY = "libc++";
				CLANG_ENABLE_MODULES = YES;
				CLANG_ENABLE_OBJC_ARC = YES;
				CLANG_ENABLE_OBJC_WEAK = YES;
				CLANG_WARN_BLOCK_CAPTURE_AUTORELEASING = YES;
				CLANG_WARN_BOOL_CONVERSION = YES;
				CLANG_WARN_COMMA = YES;
				CLANG_WARN_CONSTANT_CONVERSION = YES;
				CLANG_WARN_DEPRECATED_OBJC_IMPLEMENTATIONS = YES;
				CLANG_WARN_DIRECT_OBJC_ISA_USAGE = YES_ERROR;
				CLANG_WARN_DOCUMENTATION_COMMENTS = YES;
				CLANG_WARN_EMPTY_BODY = YES;
				CLANG_WARN_ENUM_CONVERSION = YES;
				CLANG_WARN_INFINITE_RECURSION = YES;
				CLANG_WARN_INT_CONVERSION = YES;
				CLANG_WARN_NON_LITERAL_NULL_CONVERSION = YES;
				CLANG_WARN_OBJC_IMPLICIT_RETAIN_SELF = YES;
				CLANG_WARN_OBJC_LITERAL_CONVERSION = YES;
				CLANG_WARN_OBJC_ROOT_CLASS = YES_ERROR;
				CLANG_WARN_QUOTED_INCLUDE_IN_FRAMEWORK_HEADER = YES;
				CLANG_WARN_RANGE_LOOP_ANALYSIS = YES;
				CLANG_WARN_STRICT_PROTOTYPES = YES;
				CLANG_WARN_SUSPICIOUS_MOVE = YES;
				CLANG_WARN_UNGUARDED_AVAILABILITY = YES_AGGRESSIVE;
				CLANG_WARN_UNREACHABLE_CODE = YES;
				CLANG_WARN__DUPLICATE_METHOD_MATCH = YES;
				COPY_PHASE_STRIP = NO;
				DEBUG_INFORMATION_FORMAT = "dwarf-with-dsym";
				ENABLE_NS_ASSERTIONS = NO;
				ENABLE_STRICT_OBJC_MSGSEND = YES;
				GCC_C_LANGUAGE_STANDARD = gnu11;
				GCC_NO_COMMON_BLOCKS = YES;
				GCC_WARN_64_TO_32_BIT_CONVERSION = YES;
				GCC_WARN_ABOUT_RETURN_TYPE = YES_ERROR;
				GCC_WARN_UNDECLARED_SELECTOR = YES;
				GCC_WARN_UNINITIALIZED_AUTOS = YES_AGGRESSIVE;
				GCC_WARN_UNUSED_FUNCTION = YES;
				GCC_WARN_UNUSED_VARIABLE = YES;
				IPHONEOS_DEPLOYMENT_TARGET = 14.3;
				MTL_ENABLE_DEBUG_INFO = NO;
				MTL_FAST_MATH = YES;
				SDKROOT = iphoneos;
				SWIFT_COMPILATION_MODE = wholemodule;
				SWIFT_OPTIMIZATION_LEVEL = "-O";
				VALIDATE_PRODUCT = YES;
			};
			name = Release;
		};
		5563D77627E6F69200AA8A0F /* Debug */ = {
			isa = XCBuildConfiguration;
			buildSettings = {
				ASSETCATALOG_COMPILER_APPICON_NAME = AppIcon;
				ASSETCATALOG_COMPILER_GLOBAL_ACCENT_COLOR_NAME = AccentColor;
				CODE_SIGN_STYLE = Automatic;
				CURRENT_PROJECT_VERSION = 1;
				DEVELOPMENT_ASSET_PATHS = "\"FreeTime/Preview Content\"";
				DEVELOPMENT_TEAM = RL2G686AG6;
				ENABLE_PREVIEWS = YES;
				GENERATE_INFOPLIST_FILE = YES;
				INFOPLIST_KEY_UIApplicationSceneManifest_Generation = YES;
				INFOPLIST_KEY_UIApplicationSupportsIndirectInputEvents = YES;
				INFOPLIST_KEY_UILaunchScreen_Generation = YES;
				INFOPLIST_KEY_UISupportedInterfaceOrientations_iPad = "UIInterfaceOrientationPortrait UIInterfaceOrientationPortraitUpsideDown UIInterfaceOrientationLandscapeLeft UIInterfaceOrientationLandscapeRight";
				INFOPLIST_KEY_UISupportedInterfaceOrientations_iPhone = "UIInterfaceOrientationPortrait UIInterfaceOrientationLandscapeLeft UIInterfaceOrientationLandscapeRight";
				IPHONEOS_DEPLOYMENT_TARGET = 14.3;
				LD_RUNPATH_SEARCH_PATHS = (
					"$(inherited)",
					"@executable_path/Frameworks",
				);
				MARKETING_VERSION = 1.0;
				PRODUCT_BUNDLE_IDENTIFIER = parker.FreeTime;
				PRODUCT_NAME = "$(TARGET_NAME)";
				SWIFT_EMIT_LOC_STRINGS = YES;
				SWIFT_VERSION = 5.0;
				TARGETED_DEVICE_FAMILY = 1;
			};
			name = Debug;
		};
		5563D77727E6F69200AA8A0F /* Release */ = {
			isa = XCBuildConfiguration;
			buildSettings = {
				ASSETCATALOG_COMPILER_APPICON_NAME = AppIcon;
				ASSETCATALOG_COMPILER_GLOBAL_ACCENT_COLOR_NAME = AccentColor;
				CODE_SIGN_STYLE = Automatic;
				CURRENT_PROJECT_VERSION = 1;
				DEVELOPMENT_ASSET_PATHS = "\"FreeTime/Preview Content\"";
				DEVELOPMENT_TEAM = RL2G686AG6;
				ENABLE_PREVIEWS = YES;
				GENERATE_INFOPLIST_FILE = YES;
				INFOPLIST_KEY_UIApplicationSceneManifest_Generation = YES;
				INFOPLIST_KEY_UIApplicationSupportsIndirectInputEvents = YES;
				INFOPLIST_KEY_UILaunchScreen_Generation = YES;
				INFOPLIST_KEY_UISupportedInterfaceOrientations_iPad = "UIInterfaceOrientationPortrait UIInterfaceOrientationPortraitUpsideDown UIInterfaceOrientationLandscapeLeft UIInterfaceOrientationLandscapeRight";
				INFOPLIST_KEY_UISupportedInterfaceOrientations_iPhone = "UIInterfaceOrientationPortrait UIInterfaceOrientationLandscapeLeft UIInterfaceOrientationLandscapeRight";
				IPHONEOS_DEPLOYMENT_TARGET = 14.3;
				LD_RUNPATH_SEARCH_PATHS = (
					"$(inherited)",
					"@executable_path/Frameworks",
				);
				MARKETING_VERSION = 1.0;
				PRODUCT_BUNDLE_IDENTIFIER = parker.FreeTime;
				PRODUCT_NAME = "$(TARGET_NAME)";
				SWIFT_EMIT_LOC_STRINGS = YES;
				SWIFT_VERSION = 5.0;
				TARGETED_DEVICE_FAMILY = 1;
			};
			name = Release;
		};
/* End XCBuildConfiguration section */

/* Begin XCConfigurationList section */
		5563D76227E6F69100AA8A0F /* Build configuration list for PBXProject "FreeTime" */ = {
			isa = XCConfigurationList;
			buildConfigurations = (
				5563D77327E6F69200AA8A0F /* Debug */,
				5563D77427E6F69200AA8A0F /* Release */,
			);
			defaultConfigurationIsVisible = 0;
			defaultConfigurationName = Release;
		};
		5563D77527E6F69200AA8A0F /* Build configuration list for PBXNativeTarget "FreeTime" */ = {
			isa = XCConfigurationList;
			buildConfigurations = (
				5563D77627E6F69200AA8A0F /* Debug */,
				5563D77727E6F69200AA8A0F /* Release */,
			);
			defaultConfigurationIsVisible = 0;
			defaultConfigurationName = Release;
		};
/* End XCConfigurationList section */
	};
	rootObject = 5563D75F27E6F69100AA8A0F /* Project object */;
}
